
Microsoft Visual Studio Solution File, Format Version 12.00
# Visual Studio 15
VisualStudioVersion = 15.0.27004.2009
MinimumVisualStudioVersion = 10.0.40219.1
Project("{F184B08F-C81C-45F6-A57F-5ABD9991F28F}") = "LimitDataType", "02-03 LimitDataType\LimitDataType.vbproj", "{D02AA099-62A4-4034-9A6F-082C720C19EA}"
EndProject
Global
	GlobalSection(SolutionConfigurationPlatforms) = preSolution
		Debug|Any CPU = Debug|Any CPU
		Release|Any CPU = Release|Any CPU
	EndGlobalSection
	GlobalSection(ProjectConfigurationPlatforms) = postSolution
		{D02AA099-62A4-4034-9A6F-082C720C19EA}.Debug|Any CPU.ActiveCfg = Debug|Any CPU
		{D02AA099-62A4-4034-9A6F-082C720C19EA}.Debug|Any CPU.Build.0 = Debug|Any CPU
		{D02AA099-62A4-4034-9A6F-082C720C19EA}.Release|Any CPU.ActiveCfg = Release|Any CPU
		{D02AA099-62A4-4034-9A6F-082C720C19EA}.Release|Any CPU.Build.0 = Release|Any CPU
	EndGlobalSection
	GlobalSection(SolutionProperties) = preSolution
		HideSolutionNode = FALSE
	EndGlobalSection
	GlobalSection(ExtensibilityGlobals) = postSolution
		SolutionGuid = {1EA34C44-85C4-469B-81E8-7A7681F8F222}
	EndGlobalSection
EndGlobal
